
Microsoft Visual Studio Solution File, Format Version 12.00
# Visual Studio Version 17
VisualStudioVersion = 17.9.34728.123
MinimumVisualStudioVersion = 10.0.40219.1
Project("{FAE04EC0-301F-11D3-BF4B-00C04F79EFBC}") = "Ejercicios", "Ejercicios\Ejercicios.csproj", "{D2ED33BF-216B-413E-B86C-B2039B20D80B}"
EndProject
Global
	GlobalSection(SolutionConfigurationPlatforms) = preSolution
		Debug|Any CPU = Debug|Any CPU
		Release|Any CPU = Release|Any CPU
	EndGlobalSection
	GlobalSection(ProjectConfigurationPlatforms) = postSolution
		{D2ED33BF-216B-413E-B86C-B2039B20D80B}.Debug|Any CPU.ActiveCfg = Debug|Any CPU
		{D2ED33BF-216B-413E-B86C-B2039B20D80B}.Debug|Any CPU.Build.0 = Debug|Any CPU
		{D2ED33BF-216B-413E-B86C-B2039B20D80B}.Release|Any CPU.ActiveCfg = Release|Any CPU
		{D2ED33BF-216B-413E-B86C-B2039B20D80B}.Release|Any CPU.Build.0 = Release|Any CPU
	EndGlobalSection
	GlobalSection(SolutionProperties) = preSolution
		HideSolutionNode = FALSE
	EndGlobalSection
	GlobalSection(ExtensibilityGlobals) = postSolution
		SolutionGuid = {CBC0F66E-35A0-419F-BB9D-22CEE44BD697}
	EndGlobalSection
EndGlobal
