
Microsoft Visual Studio Solution File, Format Version 12.00
# Visual Studio Version 17
VisualStudioVersion = 17.9.34728.123
MinimumVisualStudioVersion = 10.0.40219.1
Project("{FAE04EC0-301F-11D3-BF4B-00C04F79EFBC}") = "Actividad1", "Actividad1\Actividad1.csproj", "{0507C87C-AB73-402D-B223-4E4567786C31}"
EndProject
Global
	GlobalSection(SolutionConfigurationPlatforms) = preSolution
		Debug|Any CPU = Debug|Any CPU
		Release|Any CPU = Release|Any CPU
	EndGlobalSection
	GlobalSection(ProjectConfigurationPlatforms) = postSolution
		{0507C87C-AB73-402D-B223-4E4567786C31}.Debug|Any CPU.ActiveCfg = Debug|Any CPU
		{0507C87C-AB73-402D-B223-4E4567786C31}.Debug|Any CPU.Build.0 = Debug|Any CPU
		{0507C87C-AB73-402D-B223-4E4567786C31}.Release|Any CPU.ActiveCfg = Release|Any CPU
		{0507C87C-AB73-402D-B223-4E4567786C31}.Release|Any CPU.Build.0 = Release|Any CPU
	EndGlobalSection
	GlobalSection(SolutionProperties) = preSolution
		HideSolutionNode = FALSE
	EndGlobalSection
	GlobalSection(ExtensibilityGlobals) = postSolution
		SolutionGuid = {FF506373-A950-4388-8BAC-870099B0A3FA}
	EndGlobalSection
EndGlobal
